
Microsoft Visual Studio Solution File, Format Version 12.00
# Visual Studio Version 17
VisualStudioVersion = 17.5.002.0
MinimumVisualStudioVersion = 10.0.40219.1
Project("{9A19103F-16F7-4668-BE54-9A1E7A4F7556}") = "Basic_Ikkinchi_Amaliy", "Basic_Ikkinchi_Amaliy.csproj", "{F4BB8B31-70D5-46DD-9E24-5D705A9ADF51}"
EndProject
Global
	GlobalSection(SolutionConfigurationPlatforms) = preSolution
		Debug|Any CPU = Debug|Any CPU
		Release|Any CPU = Release|Any CPU
	EndGlobalSection
	GlobalSection(ProjectConfigurationPlatforms) = postSolution
		{F4BB8B31-70D5-46DD-9E24-5D705A9ADF51}.Debug|Any CPU.ActiveCfg = Debug|Any CPU
		{F4BB8B31-70D5-46DD-9E24-5D705A9ADF51}.Debug|Any CPU.Build.0 = Debug|Any CPU
		{F4BB8B31-70D5-46DD-9E24-5D705A9ADF51}.Release|Any CPU.ActiveCfg = Release|Any CPU
		{F4BB8B31-70D5-46DD-9E24-5D705A9ADF51}.Release|Any CPU.Build.0 = Release|Any CPU
	EndGlobalSection
	GlobalSection(SolutionProperties) = preSolution
		HideSolutionNode = FALSE
	EndGlobalSection
	GlobalSection(ExtensibilityGlobals) = postSolution
		SolutionGuid = {B667BA1B-AD5B-4E5F-AAA7-09FF80B69EEE}
	EndGlobalSection
EndGlobal
